
Microsoft Visual Studio Solution File, Format Version 12.00
# Visual Studio 2015
Project("{FAE04EC0-301F-11D3-BF4B-00C04F79EFBC}") = "remnants.CSharp", "remnants.CSharp.csproj", "{05E36F36-B649-32DB-80BC-0951C1B92D88}"
EndProject
Project("{FAE04EC0-301F-11D3-BF4B-00C04F79EFBC}") = "remnants.CSharp.Editor", "remnants.CSharp.Editor.csproj", "{F4F8296E-686F-6712-4AB6-BDCE26AD391A}"
EndProject
Global
	GlobalSection(SolutionConfigurationPlatforms) = preSolution
		Debug|Any CPU = Debug|Any CPU
		Release|Any CPU = Release|Any CPU
	EndGlobalSection
	GlobalSection(ProjectConfigurationPlatforms) = postSolution
		{05E36F36-B649-32DB-80BC-0951C1B92D88}.Debug|Any CPU.ActiveCfg = Debug|Any CPU
		{05E36F36-B649-32DB-80BC-0951C1B92D88}.Debug|Any CPU.Build.0 = Debug|Any CPU
		{05E36F36-B649-32DB-80BC-0951C1B92D88}.Release|Any CPU.ActiveCfg = Release|Any CPU
		{05E36F36-B649-32DB-80BC-0951C1B92D88}.Release|Any CPU.Build.0 = Release|Any CPU
		{F4F8296E-686F-6712-4AB6-BDCE26AD391A}.Debug|Any CPU.ActiveCfg = Debug|Any CPU
		{F4F8296E-686F-6712-4AB6-BDCE26AD391A}.Debug|Any CPU.Build.0 = Debug|Any CPU
		{F4F8296E-686F-6712-4AB6-BDCE26AD391A}.Release|Any CPU.ActiveCfg = Release|Any CPU
		{F4F8296E-686F-6712-4AB6-BDCE26AD391A}.Release|Any CPU.Build.0 = Release|Any CPU
	EndGlobalSection
	GlobalSection(SolutionProperties) = preSolution
		HideSolutionNode = FALSE
	EndGlobalSection
EndGlobal
